%{
  "funx": {:hex, :funx, "0.1.7", "caacd96ba50870ddd0030e59c825863f72edc7bce73b59d1c9c0f8e553223af3", [:mix], [{:telemetry, "~> 1.0", [hex: :telemetry, repo: "hexpm", optional: false]}], "hexpm", "0c243994e4e9e8023c99d9e642c1396084a014ecf02f20ee74f1427612c109be"},
  "telemetry": {:hex, :telemetry, "1.3.0", "fedebbae410d715cf8e7062c96a1ef32ec22e764197f70cda73d82778d61e7a2", [:rebar3], [], "hexpm", "7015fc8919dbe63764f4b4b87a95b7c0996bd539e0d499be6ec9d7f3875b79e6"},
}
